// !$*UTF8*$!
{
	archiveVersion = 1;
	classes = {
	};
	objectVersion = 46;
	objects = {

/* Begin PBXBuildFile section */
		C3038AB61E29DB8B005F50CF /* Identifiable.cpp in Sources */ = {isa = PBXBuildFile; fileRef = C3038AB41E29DB8B005F50CF /* Identifiable.cpp */; };
		C3584C471E271C000039D951 /* Pin.cpp in Sources */ = {isa = PBXBuildFile; fileRef = C3584C381E271C000039D951 /* Pin.cpp */; };
		C3584C481E271C000039D951 /* Actuator.cpp in Sources */ = {isa = PBXBuildFile; fileRef = C3584C3A1E271C000039D951 /* Actuator.cpp */; };
		C3584C491E271C000039D951 /* Sensor.cpp in Sources */ = {isa = PBXBuildFile; fileRef = C3584C3C1E271C000039D951 /* Sensor.cpp */; };
		C3584C4A1E271C000039D951 /* Temperature.cpp in Sources */ = {isa = PBXBuildFile; fileRef = C3584C3E1E271C000039D951 /* Temperature.cpp */; };
		C3584C4B1E271C000039D951 /* Thermometer.cpp in Sources */ = {isa = PBXBuildFile; fileRef = C3584C401E271C000039D951 /* Thermometer.cpp */; };
		C3584C4C1E271C000039D951 /* Scheduler.cpp in Sources */ = {isa = PBXBuildFile; fileRef = C3584C421E271C000039D951 /* Scheduler.cpp */; };
		C3584C4D1E271C000039D951 /* Thermostat.cpp in Sources */ = {isa = PBXBuildFile; fileRef = C3584C441E271C000039D951 /* Thermostat.cpp */; };
		C3584C4E1E271C000039D951 /* Tester.cpp in Sources */ = {isa = PBXBuildFile; fileRef = C3584C461E271C000039D951 /* Tester.cpp */; };
		C3F875501E2C168D00020493 /* DHT22.cpp in Sources */ = {isa = PBXBuildFile; fileRef = C3F8754E1E2C168D00020493 /* DHT22.cpp */; };
/* End PBXBuildFile section */

/* Begin PBXCopyFilesBuildPhase section */
		C3FFC2421DD7B56E00C5B641 /* CopyFiles */ = {
			isa = PBXCopyFilesBuildPhase;
			buildActionMask = 2147483647;
			dstPath = /usr/share/man/man1/;
			dstSubfolderSpec = 0;
			files = (
			);
			runOnlyForDeploymentPostprocessing = 1;
		};
/* End PBXCopyFilesBuildPhase section */

/* Begin PBXFileReference section */
		C3038AB41E29DB8B005F50CF /* Identifiable.cpp */ = {isa = PBXFileReference; fileEncoding = 4; lastKnownFileType = sourcecode.cpp.cpp; path = Identifiable.cpp; sourceTree = "<group>"; };
		C3038AB51E29DB8B005F50CF /* Identifiable.hpp */ = {isa = PBXFileReference; fileEncoding = 4; lastKnownFileType = sourcecode.cpp.h; path = Identifiable.hpp; sourceTree = "<group>"; };
		C3584C371E271C000039D951 /* Development.hpp */ = {isa = PBXFileReference; fileEncoding = 4; lastKnownFileType = sourcecode.cpp.h; path = Development.hpp; sourceTree = "<group>"; };
		C3584C381E271C000039D951 /* Pin.cpp */ = {isa = PBXFileReference; fileEncoding = 4; lastKnownFileType = sourcecode.cpp.cpp; path = Pin.cpp; sourceTree = "<group>"; };
		C3584C391E271C000039D951 /* Pin.hpp */ = {isa = PBXFileReference; fileEncoding = 4; lastKnownFileType = sourcecode.cpp.h; path = Pin.hpp; sourceTree = "<group>"; };
		C3584C3A1E271C000039D951 /* Actuator.cpp */ = {isa = PBXFileReference; fileEncoding = 4; lastKnownFileType = sourcecode.cpp.cpp; path = Actuator.cpp; sourceTree = "<group>"; };
		C3584C3B1E271C000039D951 /* Actuator.hpp */ = {isa = PBXFileReference; fileEncoding = 4; lastKnownFileType = sourcecode.cpp.h; path = Actuator.hpp; sourceTree = "<group>"; };
		C3584C3C1E271C000039D951 /* Sensor.cpp */ = {isa = PBXFileReference; fileEncoding = 4; lastKnownFileType = sourcecode.cpp.cpp; path = Sensor.cpp; sourceTree = "<group>"; };
		C3584C3D1E271C000039D951 /* Sensor.hpp */ = {isa = PBXFileReference; fileEncoding = 4; lastKnownFileType = sourcecode.cpp.h; path = Sensor.hpp; sourceTree = "<group>"; };
		C3584C3E1E271C000039D951 /* Temperature.cpp */ = {isa = PBXFileReference; fileEncoding = 4; lastKnownFileType = sourcecode.cpp.cpp; path = Temperature.cpp; sourceTree = "<group>"; };
		C3584C3F1E271C000039D951 /* Temperature.hpp */ = {isa = PBXFileReference; fileEncoding = 4; lastKnownFileType = sourcecode.cpp.h; path = Temperature.hpp; sourceTree = "<group>"; };
		C3584C401E271C000039D951 /* Thermometer.cpp */ = {isa = PBXFileReference; fileEncoding = 4; lastKnownFileType = sourcecode.cpp.cpp; path = Thermometer.cpp; sourceTree = "<group>"; };
		C3584C411E271C000039D951 /* Thermometer.hpp */ = {isa = PBXFileReference; fileEncoding = 4; lastKnownFileType = sourcecode.cpp.h; path = Thermometer.hpp; sourceTree = "<group>"; };
		C3584C421E271C000039D951 /* Scheduler.cpp */ = {isa = PBXFileReference; fileEncoding = 4; lastKnownFileType = sourcecode.cpp.cpp; path = Scheduler.cpp; sourceTree = "<group>"; };
		C3584C431E271C000039D951 /* Scheduler.hpp */ = {isa = PBXFileReference; fileEncoding = 4; lastKnownFileType = sourcecode.cpp.h; path = Scheduler.hpp; sourceTree = "<group>"; };
		C3584C441E271C000039D951 /* Thermostat.cpp */ = {isa = PBXFileReference; fileEncoding = 4; lastKnownFileType = sourcecode.cpp.cpp; path = Thermostat.cpp; sourceTree = "<group>"; };
		C3584C451E271C000039D951 /* Thermostat.hpp */ = {isa = PBXFileReference; fileEncoding = 4; lastKnownFileType = sourcecode.cpp.h; path = Thermostat.hpp; sourceTree = "<group>"; };
		C3584C461E271C000039D951 /* Tester.cpp */ = {isa = PBXFileReference; fileEncoding = 4; lastKnownFileType = sourcecode.cpp.cpp; path = Tester.cpp; sourceTree = "<group>"; };
		C38D32B01E236AAF00E5B10B /* Thermostat.ino */ = {isa = PBXFileReference; lastKnownFileType = text; path = Thermostat.ino; sourceTree = "<group>"; xcLanguageSpecificationIdentifier = xcode.lang.cpp; };
		C3F8754E1E2C168D00020493 /* DHT22.cpp */ = {isa = PBXFileReference; fileEncoding = 4; lastKnownFileType = sourcecode.cpp.cpp; path = DHT22.cpp; sourceTree = "<group>"; usesTabs = 0; };
		C3F8754F1E2C168D00020493 /* DHT22.hpp */ = {isa = PBXFileReference; fileEncoding = 4; lastKnownFileType = sourcecode.cpp.h; path = DHT22.hpp; sourceTree = "<group>"; usesTabs = 0; };
		C3FFC2441DD7B56E00C5B641 /* Thermostat */ = {isa = PBXFileReference; explicitFileType = "compiled.mach-o.executable"; includeInIndex = 0; path = Thermostat; sourceTree = BUILT_PRODUCTS_DIR; };
		C3FFC26C1DD7C2E800C5B641 /* README.md */ = {isa = PBXFileReference; lastKnownFileType = net.daringfireball.markdown; path = README.md; sourceTree = "<group>"; };
		C3FFC26D1DD7C2E800C5B641 /* LICENSE */ = {isa = PBXFileReference; lastKnownFileType = text; path = LICENSE; sourceTree = "<group>"; };
/* End PBXFileReference section */

/* Begin PBXFrameworksBuildPhase section */
		C3FFC2411DD7B56E00C5B641 /* Frameworks */ = {
			isa = PBXFrameworksBuildPhase;
			buildActionMask = 2147483647;
			files = (
			);
			runOnlyForDeploymentPostprocessing = 0;
		};
/* End PBXFrameworksBuildPhase section */

/* Begin PBXGroup section */
		C3FFC23B1DD7B56E00C5B641 = {
			isa = PBXGroup;
			children = (
				C3FFC2461DD7B56E00C5B641 /* Thermostat */,
				C3FFC2451DD7B56E00C5B641 /* Products */,
			);
			sourceTree = "<group>";
		};
		C3FFC2451DD7B56E00C5B641 /* Products */ = {
			isa = PBXGroup;
			children = (
				C3FFC2441DD7B56E00C5B641 /* Thermostat */,
			);
			name = Products;
			sourceTree = "<group>";
		};
		C3FFC2461DD7B56E00C5B641 /* Thermostat */ = {
			isa = PBXGroup;
			children = (
				C3FFC26C1DD7C2E800C5B641 /* README.md */,
				C3FFC26D1DD7C2E800C5B641 /* LICENSE */,
				C3584C371E271C000039D951 /* Development.hpp */,
				C3038AB41E29DB8B005F50CF /* Identifiable.cpp */,
				C3038AB51E29DB8B005F50CF /* Identifiable.hpp */,
				C3584C381E271C000039D951 /* Pin.cpp */,
				C3584C391E271C000039D951 /* Pin.hpp */,
				C3584C3A1E271C000039D951 /* Actuator.cpp */,
				C3584C3B1E271C000039D951 /* Actuator.hpp */,
				C3584C3C1E271C000039D951 /* Sensor.cpp */,
				C3584C3D1E271C000039D951 /* Sensor.hpp */,
				C3584C3E1E271C000039D951 /* Temperature.cpp */,
				C3584C3F1E271C000039D951 /* Temperature.hpp */,
				C3584C401E271C000039D951 /* Thermometer.cpp */,
				C3584C411E271C000039D951 /* Thermometer.hpp */,
				C3584C421E271C000039D951 /* Scheduler.cpp */,
				C3584C431E271C000039D951 /* Scheduler.hpp */,
				C3584C441E271C000039D951 /* Thermostat.cpp */,
				C3584C451E271C000039D951 /* Thermostat.hpp */,
				C3F8754E1E2C168D00020493 /* DHT22.cpp */,
				C3F8754F1E2C168D00020493 /* DHT22.hpp */,
				C3584C461E271C000039D951 /* Tester.cpp */,
				C38D32B01E236AAF00E5B10B /* Thermostat.ino */,
			);
			path = Thermostat;
			sourceTree = "<group>";
		};
/* End PBXGroup section */

/* Begin PBXNativeTarget section */
		C3FFC2431DD7B56E00C5B641 /* Thermostat */ = {
			isa = PBXNativeTarget;
			buildConfigurationList = C3FFC24B1DD7B56E00C5B641 /* Build configuration list for PBXNativeTarget "Thermostat" */;
			buildPhases = (
				C3FFC2401DD7B56E00C5B641 /* Sources */,
				C3FFC2411DD7B56E00C5B641 /* Frameworks */,
				C3FFC2421DD7B56E00C5B641 /* CopyFiles */,
			);
			buildRules = (
			);
			dependencies = (
			);
			name = Thermostat;
			productName = Thermostat;
			productReference = C3FFC2441DD7B56E00C5B641 /* Thermostat */;
			productType = "com.apple.product-type.tool";
		};
/* End PBXNativeTarget section */

/* Begin PBXProject section */
		C3FFC23C1DD7B56E00C5B641 /* Project object */ = {
			isa = PBXProject;
			attributes = {
				LastUpgradeCheck = 0820;
				ORGANIZATIONNAME = "Matias Barcenas";
				TargetAttributes = {
					C3FFC2431DD7B56E00C5B641 = {
						CreatedOnToolsVersion = 8.1;
						ProvisioningStyle = Automatic;
					};
				};
			};
			buildConfigurationList = C3FFC23F1DD7B56E00C5B641 /* Build configuration list for PBXProject "Thermostat" */;
			compatibilityVersion = "Xcode 3.2";
			developmentRegion = English;
			hasScannedForEncodings = 0;
			knownRegions = (
				en,
			);
			mainGroup = C3FFC23B1DD7B56E00C5B641;
			productRefGroup = C3FFC2451DD7B56E00C5B641 /* Products */;
			projectDirPath = "";
			projectRoot = "";
			targets = (
				C3FFC2431DD7B56E00C5B641 /* Thermostat */,
			);
		};
/* End PBXProject section */

/* Begin PBXSourcesBuildPhase section */
		C3FFC2401DD7B56E00C5B641 /* Sources */ = {
			isa = PBXSourcesBuildPhase;
			buildActionMask = 2147483647;
			files = (
				C3038AB61E29DB8B005F50CF /* Identifiable.cpp in Sources */,
				C3584C481E271C000039D951 /* Actuator.cpp in Sources */,
				C3584C4D1E271C000039D951 /* Thermostat.cpp in Sources */,
				C3584C4E1E271C000039D951 /* Tester.cpp in Sources */,
				C3F875501E2C168D00020493 /* DHT22.cpp in Sources */,
				C3584C4C1E271C000039D951 /* Scheduler.cpp in Sources */,
				C3584C471E271C000039D951 /* Pin.cpp in Sources */,
				C3584C4A1E271C000039D951 /* Temperature.cpp in Sources */,
				C3584C491E271C000039D951 /* Sensor.cpp in Sources */,
				C3584C4B1E271C000039D951 /* Thermometer.cpp in Sources */,
			);
			runOnlyForDeploymentPostprocessing = 0;
		};
/* End PBXSourcesBuildPhase section */

/* Begin XCBuildConfiguration section */
		C3FFC2491DD7B56E00C5B641 /* Debug */ = {
			isa = XCBuildConfiguration;
			buildSettings = {
				ALWAYS_SEARCH_USER_PATHS = YES;
				CLANG_ANALYZER_NONNULL = YES;
				CLANG_CXX_LANGUAGE_STANDARD = "gnu++0x";
				CLANG_CXX_LIBRARY = "libc++";
				CLANG_ENABLE_MODULES = YES;
				CLANG_ENABLE_OBJC_ARC = YES;
				CLANG_WARN_BOOL_CONVERSION = YES;
				CLANG_WARN_CONSTANT_CONVERSION = YES;
				CLANG_WARN_DIRECT_OBJC_ISA_USAGE = YES_ERROR;
				CLANG_WARN_DOCUMENTATION_COMMENTS = YES;
				CLANG_WARN_EMPTY_BODY = YES;
				CLANG_WARN_ENUM_CONVERSION = YES;
				CLANG_WARN_INFINITE_RECURSION = YES;
				CLANG_WARN_INT_CONVERSION = YES;
				CLANG_WARN_OBJC_ROOT_CLASS = YES_ERROR;
				CLANG_WARN_SUSPICIOUS_MOVE = YES;
				CLANG_WARN_SUSPICIOUS_MOVES = YES;
				CLANG_WARN_UNREACHABLE_CODE = YES;
				CLANG_WARN__DUPLICATE_METHOD_MATCH = YES;
				CODE_SIGN_IDENTITY = "-";
				COPY_PHASE_STRIP = NO;
				DEBUG_INFORMATION_FORMAT = dwarf;
				ENABLE_STRICT_OBJC_MSGSEND = YES;
				ENABLE_TESTABILITY = YES;
				GCC_C_LANGUAGE_STANDARD = gnu99;
				GCC_DYNAMIC_NO_PIC = NO;
				GCC_NO_COMMON_BLOCKS = YES;
				GCC_OPTIMIZATION_LEVEL = 0;
				GCC_PREPROCESSOR_DEFINITIONS = (
					"DEBUG=1",
					"XCODE_IDE=1",
					"$(inherited)",
				);
				GCC_WARN_64_TO_32_BIT_CONVERSION = YES;
				GCC_WARN_ABOUT_RETURN_TYPE = YES_ERROR;
				GCC_WARN_UNDECLARED_SELECTOR = YES;
				GCC_WARN_UNINITIALIZED_AUTOS = YES_AGGRESSIVE;
				GCC_WARN_UNUSED_FUNCTION = YES;
				GCC_WARN_UNUSED_VARIABLE = YES;
				HEADER_SEARCH_PATHS = "~/Library/Arduino15/packages/esp8266/hardware/esp8266/2.3.0/**";
				LIBRARY_SEARCH_PATHS = "~/Library/Arduino15/packages/esp8266/hardware/esp8266/2.3.0/**";
				MACOSX_DEPLOYMENT_TARGET = 10.12;
				MTL_ENABLE_DEBUG_INFO = YES;
				ONLY_ACTIVE_ARCH = YES;
				SDKROOT = macosx;
			};
			name = Debug;
		};
		C3FFC24A1DD7B56E00C5B641 /* Release */ = {
			isa = XCBuildConfiguration;
			buildSettings = {
				ALWAYS_SEARCH_USER_PATHS = YES;
				CLANG_ANALYZER_NONNULL = YES;
				CLANG_CXX_LANGUAGE_STANDARD = "gnu++0x";
				CLANG_CXX_LIBRARY = "libc++";
				CLANG_ENABLE_MODULES = YES;
				CLANG_ENABLE_OBJC_ARC = YES;
				CLANG_WARN_BOOL_CONVERSION = YES;
				CLANG_WARN_CONSTANT_CONVERSION = YES;
				CLANG_WARN_DIRECT_OBJC_ISA_USAGE = YES_ERROR;
				CLANG_WARN_DOCUMENTATION_COMMENTS = YES;
				CLANG_WARN_EMPTY_BODY = YES;
				CLANG_WARN_ENUM_CONVERSION = YES;
				CLANG_WARN_INFINITE_RECURSION = YES;
				CLANG_WARN_INT_CONVERSION = YES;
				CLANG_WARN_OBJC_ROOT_CLASS = YES_ERROR;
				CLANG_WARN_SUSPICIOUS_MOVE = YES;
				CLANG_WARN_SUSPICIOUS_MOVES = YES;
				CLANG_WARN_UNREACHABLE_CODE = YES;
				CLANG_WARN__DUPLICATE_METHOD_MATCH = YES;
				CODE_SIGN_IDENTITY = "-";
				COPY_PHASE_STRIP = NO;
				DEBUG_INFORMATION_FORMAT = "dwarf-with-dsym";
				ENABLE_NS_ASSERTIONS = NO;
				ENABLE_STRICT_OBJC_MSGSEND = YES;
				GCC_C_LANGUAGE_STANDARD = gnu99;
				GCC_NO_COMMON_BLOCKS = YES;
				GCC_WARN_64_TO_32_BIT_CONVERSION = YES;
				GCC_WARN_ABOUT_RETURN_TYPE = YES_ERROR;
				GCC_WARN_UNDECLARED_SELECTOR = YES;
				GCC_WARN_UNINITIALIZED_AUTOS = YES_AGGRESSIVE;
				GCC_WARN_UNUSED_FUNCTION = YES;
				GCC_WARN_UNUSED_VARIABLE = YES;
				HEADER_SEARCH_PATHS = "~/Library/Arduino15/packages/esp8266/hardware/esp8266/2.3.0/**";
				LIBRARY_SEARCH_PATHS = "~/Library/Arduino15/packages/esp8266/hardware/esp8266/2.3.0/**";
				MACOSX_DEPLOYMENT_TARGET = 10.12;
				MTL_ENABLE_DEBUG_INFO = NO;
				SDKROOT = macosx;
			};
			name = Release;
		};
		C3FFC24C1DD7B56E00C5B641 /* Debug */ = {
			isa = XCBuildConfiguration;
			buildSettings = {
				PRODUCT_NAME = "$(TARGET_NAME)";
			};
			name = Debug;
		};
		C3FFC24D1DD7B56E00C5B641 /* Release */ = {
			isa = XCBuildConfiguration;
			buildSettings = {
				PRODUCT_NAME = "$(TARGET_NAME)";
			};
			name = Release;
		};
/* End XCBuildConfiguration section */

/* Begin XCConfigurationList section */
		C3FFC23F1DD7B56E00C5B641 /* Build configuration list for PBXProject "Thermostat" */ = {
			isa = XCConfigurationList;
			buildConfigurations = (
				C3FFC2491DD7B56E00C5B641 /* Debug */,
				C3FFC24A1DD7B56E00C5B641 /* Release */,
			);
			defaultConfigurationIsVisible = 0;
			defaultConfigurationName = Release;
		};
		C3FFC24B1DD7B56E00C5B641 /* Build configuration list for PBXNativeTarget "Thermostat" */ = {
			isa = XCConfigurationList;
			buildConfigurations = (
				C3FFC24C1DD7B56E00C5B641 /* Debug */,
				C3FFC24D1DD7B56E00C5B641 /* Release */,
			);
			defaultConfigurationIsVisible = 0;
			defaultConfigurationName = Release;
		};
/* End XCConfigurationList section */
	};
	rootObject = C3FFC23C1DD7B56E00C5B641 /* Project object */;
}
